
Microsoft Visual Studio Solution File, Format Version 12.00
# Visual Studio Version 17
VisualStudioVersion = 17.8.34525.116
MinimumVisualStudioVersion = 10.0.40219.1
Project("{2150E333-8FDC-42A3-9474-1A3956D46DE8}") = "01 - Presentation", "01 - Presentation", "{C2D6CCCD-70BD-463E-BAA4-4122BF7A17A9}"
EndProject
Project("{2150E333-8FDC-42A3-9474-1A3956D46DE8}") = "02 - Application", "02 - Application", "{0E13C04E-D065-4E12-92A2-FEC01298E26C}"
EndProject
Project("{2150E333-8FDC-42A3-9474-1A3956D46DE8}") = "03 - Domain", "03 - Domain", "{9BDA048E-65C7-4F7B-9104-568D9089E259}"
EndProject
Project("{2150E333-8FDC-42A3-9474-1A3956D46DE8}") = "04 - Infrastructure", "04 - Infrastructure", "{6D6401BE-DB7B-483C-B4FF-A8853ECCC143}"
EndProject
Project("{FAE04EC0-301F-11D3-BF4B-00C04F79EFBC}") = "RestApiMaturityLevels.Presentation", "src\RestApiMaturityLevels.Presentation\RestApiMaturityLevels.Presentation.csproj", "{A1BB2161-0A7B-43C0-9B13-01787792248A}"
EndProject
Project("{FAE04EC0-301F-11D3-BF4B-00C04F79EFBC}") = "RestApiMaturityLevels.Application", "src\RestApiMaturityLevels.Application\RestApiMaturityLevels.Application.csproj", "{27CE59B0-D1B6-4F4D-9867-CF2EC823585E}"
EndProject
Project("{FAE04EC0-301F-11D3-BF4B-00C04F79EFBC}") = "RestApiMaturityLevels.Domain", "src\RestApiMaturityLevels.Domain\RestApiMaturityLevels.Domain.csproj", "{055C765C-C7B8-4079-B92C-2099424F3F7C}"
EndProject
Project("{FAE04EC0-301F-11D3-BF4B-00C04F79EFBC}") = "RestApiMaturityLevels.Infrastructure", "src\RestApiMaturityLevels.Infrastructure\RestApiMaturityLevels.Infrastructure.csproj", "{BEF9AD86-F063-4C80-B0F4-792454EDEE32}"
EndProject
Global
	GlobalSection(SolutionConfigurationPlatforms) = preSolution
		Debug|Any CPU = Debug|Any CPU
		Release|Any CPU = Release|Any CPU
	EndGlobalSection
	GlobalSection(ProjectConfigurationPlatforms) = postSolution
		{A1BB2161-0A7B-43C0-9B13-01787792248A}.Debug|Any CPU.ActiveCfg = Debug|Any CPU
		{A1BB2161-0A7B-43C0-9B13-01787792248A}.Debug|Any CPU.Build.0 = Debug|Any CPU
		{A1BB2161-0A7B-43C0-9B13-01787792248A}.Release|Any CPU.ActiveCfg = Release|Any CPU
		{A1BB2161-0A7B-43C0-9B13-01787792248A}.Release|Any CPU.Build.0 = Release|Any CPU
		{27CE59B0-D1B6-4F4D-9867-CF2EC823585E}.Debug|Any CPU.ActiveCfg = Debug|Any CPU
		{27CE59B0-D1B6-4F4D-9867-CF2EC823585E}.Debug|Any CPU.Build.0 = Debug|Any CPU
		{27CE59B0-D1B6-4F4D-9867-CF2EC823585E}.Release|Any CPU.ActiveCfg = Release|Any CPU
		{27CE59B0-D1B6-4F4D-9867-CF2EC823585E}.Release|Any CPU.Build.0 = Release|Any CPU
		{055C765C-C7B8-4079-B92C-2099424F3F7C}.Debug|Any CPU.ActiveCfg = Debug|Any CPU
		{055C765C-C7B8-4079-B92C-2099424F3F7C}.Debug|Any CPU.Build.0 = Debug|Any CPU
		{055C765C-C7B8-4079-B92C-2099424F3F7C}.Release|Any CPU.ActiveCfg = Release|Any CPU
		{055C765C-C7B8-4079-B92C-2099424F3F7C}.Release|Any CPU.Build.0 = Release|Any CPU
		{BEF9AD86-F063-4C80-B0F4-792454EDEE32}.Debug|Any CPU.ActiveCfg = Debug|Any CPU
		{BEF9AD86-F063-4C80-B0F4-792454EDEE32}.Debug|Any CPU.Build.0 = Debug|Any CPU
		{BEF9AD86-F063-4C80-B0F4-792454EDEE32}.Release|Any CPU.ActiveCfg = Release|Any CPU
		{BEF9AD86-F063-4C80-B0F4-792454EDEE32}.Release|Any CPU.Build.0 = Release|Any CPU
	EndGlobalSection
	GlobalSection(SolutionProperties) = preSolution
		HideSolutionNode = FALSE
	EndGlobalSection
	GlobalSection(NestedProjects) = preSolution
		{A1BB2161-0A7B-43C0-9B13-01787792248A} = {C2D6CCCD-70BD-463E-BAA4-4122BF7A17A9}
		{27CE59B0-D1B6-4F4D-9867-CF2EC823585E} = {0E13C04E-D065-4E12-92A2-FEC01298E26C}
		{055C765C-C7B8-4079-B92C-2099424F3F7C} = {9BDA048E-65C7-4F7B-9104-568D9089E259}
		{BEF9AD86-F063-4C80-B0F4-792454EDEE32} = {6D6401BE-DB7B-483C-B4FF-A8853ECCC143}
	EndGlobalSection
	GlobalSection(ExtensibilityGlobals) = postSolution
		SolutionGuid = {16728BAA-4B32-424E-A0A5-701DBD793380}
	EndGlobalSection
EndGlobal
